
Microsoft Visual Studio Solution File, Format Version 12.00
# Visual Studio Version 16
VisualStudioVersion = 16.0.29911.84
MinimumVisualStudioVersion = 10.0.40219.1
Project("{8BC9CEB8-8B4A-11D0-8D11-00A0C91BC942}") = "Baekjoon_02if", "Baekjoon_2if\Baekjoon_2if.vcxproj", "{DB9F44A2-5659-4664-9DA6-8D9CE1C1D1FD}"
EndProject
Project("{8BC9CEB8-8B4A-11D0-8D11-00A0C91BC942}") = "Baekjoon_03for", "Baekjoon_3for\Baekjoon_3for.vcxproj", "{6181365A-43C5-4C5A-A2FB-F553D8887D49}"
EndProject
Project("{8BC9CEB8-8B4A-11D0-8D11-00A0C91BC942}") = "Baekjoon_04while", "Baekjoon_4while\Baekjoon_4while.vcxproj", "{F34BD584-5EC0-4C01-95C7-DAA9CC494653}"
EndProject
Project("{8BC9CEB8-8B4A-11D0-8D11-00A0C91BC942}") = "Baekjoon_01inoutput", "Baekjoon_1inoutput\Baekjoon_inoutput.vcxproj", "{264A02D1-9193-4BDA-A1B5-0633A1BB6E1B}"
EndProject
Project("{8BC9CEB8-8B4A-11D0-8D11-00A0C91BC942}") = "Baekjoon_05Practice1", "Baekjoon_5Practice1\Baekjoon_5Practice1.vcxproj", "{35EFDCFD-230C-416A-8601-64E4B6EB7EB8}"
EndProject
Project("{8BC9CEB8-8B4A-11D0-8D11-00A0C91BC942}") = "Baekjoon_06List", "Baekjoon_6List\Baekjoon_6List.vcxproj", "{111B2EBE-4C1E-44A4-B673-69BE77A01D3F}"
EndProject
Project("{8BC9CEB8-8B4A-11D0-8D11-00A0C91BC942}") = "Baekjoon_07Function", "Baekjoon_7Function\Baekjoon_7Function.vcxproj", "{C8132B3E-80AB-435E-A958-C8C804403440}"
EndProject
Project("{8BC9CEB8-8B4A-11D0-8D11-00A0C91BC942}") = "Baekjoon_08Char", "Baekjoon_8Char\Baekjoon_8Char.vcxproj", "{7202DEC2-79B5-4901-9760-58DA8524A614}"
EndProject
Project("{8BC9CEB8-8B4A-11D0-8D11-00A0C91BC942}") = "Baekjoon_09Math1", "Baekjoon_9Math1\Baekjoon_9Math1.vcxproj", "{BE9722C6-2BAC-45C2-BDAB-C1F33A9A2B7F}"
EndProject
Project("{8BC9CEB8-8B4A-11D0-8D11-00A0C91BC942}") = "Baekjoon_10Math2", "Baekjoon_10Math2\Baekjoon_10Math2.vcxproj", "{37838E18-F679-4E06-8207-F3DEA4DA52D5}"
EndProject
Project("{8BC9CEB8-8B4A-11D0-8D11-00A0C91BC942}") = "Baekjoon_11Reflexive", "Baekjoon_11Reflexive\Baekjoon_11Reflexive.vcxproj", "{464F87A1-6E84-4C50-A60C-36929AD1F258}"
EndProject
Project("{8BC9CEB8-8B4A-11D0-8D11-00A0C91BC942}") = "Baekjoon_12BruteForce", "Baekjoon_12BruteForce\Baekjoon_12BruteForce.vcxproj", "{9CDAF672-4268-4E82-BAEE-2DCED255166E}"
EndProject
Project("{8BC9CEB8-8B4A-11D0-8D11-00A0C91BC942}") = "Baekjoon_13Sorting", "Baekjoon_13Sorting\Baekjoon_13Sorting.vcxproj", "{FF4779B3-2078-4341-BC46-8455FC80CDE1}"
EndProject
Global
	GlobalSection(SolutionConfigurationPlatforms) = preSolution
		Debug|x64 = Debug|x64
		Debug|x86 = Debug|x86
		Release|x64 = Release|x64
		Release|x86 = Release|x86
	EndGlobalSection
	GlobalSection(ProjectConfigurationPlatforms) = postSolution
		{DB9F44A2-5659-4664-9DA6-8D9CE1C1D1FD}.Debug|x64.ActiveCfg = Debug|x64
		{DB9F44A2-5659-4664-9DA6-8D9CE1C1D1FD}.Debug|x64.Build.0 = Debug|x64
		{DB9F44A2-5659-4664-9DA6-8D9CE1C1D1FD}.Debug|x86.ActiveCfg = Debug|Win32
		{DB9F44A2-5659-4664-9DA6-8D9CE1C1D1FD}.Debug|x86.Build.0 = Debug|Win32
		{DB9F44A2-5659-4664-9DA6-8D9CE1C1D1FD}.Release|x64.ActiveCfg = Release|x64
		{DB9F44A2-5659-4664-9DA6-8D9CE1C1D1FD}.Release|x64.Build.0 = Release|x64
		{DB9F44A2-5659-4664-9DA6-8D9CE1C1D1FD}.Release|x86.ActiveCfg = Release|Win32
		{DB9F44A2-5659-4664-9DA6-8D9CE1C1D1FD}.Release|x86.Build.0 = Release|Win32
		{6181365A-43C5-4C5A-A2FB-F553D8887D49}.Debug|x64.ActiveCfg = Debug|x64
		{6181365A-43C5-4C5A-A2FB-F553D8887D49}.Debug|x64.Build.0 = Debug|x64
		{6181365A-43C5-4C5A-A2FB-F553D8887D49}.Debug|x86.ActiveCfg = Debug|Win32
		{6181365A-43C5-4C5A-A2FB-F553D8887D49}.Debug|x86.Build.0 = Debug|Win32
		{6181365A-43C5-4C5A-A2FB-F553D8887D49}.Release|x64.ActiveCfg = Release|x64
		{6181365A-43C5-4C5A-A2FB-F553D8887D49}.Release|x64.Build.0 = Release|x64
		{6181365A-43C5-4C5A-A2FB-F553D8887D49}.Release|x86.ActiveCfg = Release|Win32
		{6181365A-43C5-4C5A-A2FB-F553D8887D49}.Release|x86.Build.0 = Release|Win32
		{F34BD584-5EC0-4C01-95C7-DAA9CC494653}.Debug|x64.ActiveCfg = Debug|x64
		{F34BD584-5EC0-4C01-95C7-DAA9CC494653}.Debug|x64.Build.0 = Debug|x64
		{F34BD584-5EC0-4C01-95C7-DAA9CC494653}.Debug|x86.ActiveCfg = Debug|Win32
		{F34BD584-5EC0-4C01-95C7-DAA9CC494653}.Debug|x86.Build.0 = Debug|Win32
		{F34BD584-5EC0-4C01-95C7-DAA9CC494653}.Release|x64.ActiveCfg = Release|x64
		{F34BD584-5EC0-4C01-95C7-DAA9CC494653}.Release|x64.Build.0 = Release|x64
		{F34BD584-5EC0-4C01-95C7-DAA9CC494653}.Release|x86.ActiveCfg = Release|Win32
		{F34BD584-5EC0-4C01-95C7-DAA9CC494653}.Release|x86.Build.0 = Release|Win32
		{264A02D1-9193-4BDA-A1B5-0633A1BB6E1B}.Debug|x64.ActiveCfg = Debug|x64
		{264A02D1-9193-4BDA-A1B5-0633A1BB6E1B}.Debug|x64.Build.0 = Debug|x64
		{264A02D1-9193-4BDA-A1B5-0633A1BB6E1B}.Debug|x86.ActiveCfg = Debug|Win32
		{264A02D1-9193-4BDA-A1B5-0633A1BB6E1B}.Debug|x86.Build.0 = Debug|Win32
		{264A02D1-9193-4BDA-A1B5-0633A1BB6E1B}.Release|x64.ActiveCfg = Release|x64
		{264A02D1-9193-4BDA-A1B5-0633A1BB6E1B}.Release|x64.Build.0 = Release|x64
		{264A02D1-9193-4BDA-A1B5-0633A1BB6E1B}.Release|x86.ActiveCfg = Release|Win32
		{264A02D1-9193-4BDA-A1B5-0633A1BB6E1B}.Release|x86.Build.0 = Release|Win32
		{35EFDCFD-230C-416A-8601-64E4B6EB7EB8}.Debug|x64.ActiveCfg = Debug|x64
		{35EFDCFD-230C-416A-8601-64E4B6EB7EB8}.Debug|x64.Build.0 = Debug|x64
		{35EFDCFD-230C-416A-8601-64E4B6EB7EB8}.Debug|x86.ActiveCfg = Debug|Win32
		{35EFDCFD-230C-416A-8601-64E4B6EB7EB8}.Debug|x86.Build.0 = Debug|Win32
		{35EFDCFD-230C-416A-8601-64E4B6EB7EB8}.Release|x64.ActiveCfg = Release|x64
		{35EFDCFD-230C-416A-8601-64E4B6EB7EB8}.Release|x64.Build.0 = Release|x64
		{35EFDCFD-230C-416A-8601-64E4B6EB7EB8}.Release|x86.ActiveCfg = Release|Win32
		{35EFDCFD-230C-416A-8601-64E4B6EB7EB8}.Release|x86.Build.0 = Release|Win32
		{111B2EBE-4C1E-44A4-B673-69BE77A01D3F}.Debug|x64.ActiveCfg = Debug|x64
		{111B2EBE-4C1E-44A4-B673-69BE77A01D3F}.Debug|x64.Build.0 = Debug|x64
		{111B2EBE-4C1E-44A4-B673-69BE77A01D3F}.Debug|x86.ActiveCfg = Debug|Win32
		{111B2EBE-4C1E-44A4-B673-69BE77A01D3F}.Debug|x86.Build.0 = Debug|Win32
		{111B2EBE-4C1E-44A4-B673-69BE77A01D3F}.Release|x64.ActiveCfg = Release|x64
		{111B2EBE-4C1E-44A4-B673-69BE77A01D3F}.Release|x64.Build.0 = Release|x64
		{111B2EBE-4C1E-44A4-B673-69BE77A01D3F}.Release|x86.ActiveCfg = Release|Win32
		{111B2EBE-4C1E-44A4-B673-69BE77A01D3F}.Release|x86.Build.0 = Release|Win32
		{C8132B3E-80AB-435E-A958-C8C804403440}.Debug|x64.ActiveCfg = Debug|x64
		{C8132B3E-80AB-435E-A958-C8C804403440}.Debug|x64.Build.0 = Debug|x64
		{C8132B3E-80AB-435E-A958-C8C804403440}.Debug|x86.ActiveCfg = Debug|Win32
		{C8132B3E-80AB-435E-A958-C8C804403440}.Debug|x86.Build.0 = Debug|Win32
		{C8132B3E-80AB-435E-A958-C8C804403440}.Release|x64.ActiveCfg = Release|x64
		{C8132B3E-80AB-435E-A958-C8C804403440}.Release|x64.Build.0 = Release|x64
		{C8132B3E-80AB-435E-A958-C8C804403440}.Release|x86.ActiveCfg = Release|Win32
		{C8132B3E-80AB-435E-A958-C8C804403440}.Release|x86.Build.0 = Release|Win32
		{7202DEC2-79B5-4901-9760-58DA8524A614}.Debug|x64.ActiveCfg = Debug|x64
		{7202DEC2-79B5-4901-9760-58DA8524A614}.Debug|x64.Build.0 = Debug|x64
		{7202DEC2-79B5-4901-9760-58DA8524A614}.Debug|x86.ActiveCfg = Debug|Win32
		{7202DEC2-79B5-4901-9760-58DA8524A614}.Debug|x86.Build.0 = Debug|Win32
		{7202DEC2-79B5-4901-9760-58DA8524A614}.Release|x64.ActiveCfg = Release|x64
		{7202DEC2-79B5-4901-9760-58DA8524A614}.Release|x64.Build.0 = Release|x64
		{7202DEC2-79B5-4901-9760-58DA8524A614}.Release|x86.ActiveCfg = Release|Win32
		{7202DEC2-79B5-4901-9760-58DA8524A614}.Release|x86.Build.0 = Release|Win32
		{BE9722C6-2BAC-45C2-BDAB-C1F33A9A2B7F}.Debug|x64.ActiveCfg = Debug|x64
		{BE9722C6-2BAC-45C2-BDAB-C1F33A9A2B7F}.Debug|x64.Build.0 = Debug|x64
		{BE9722C6-2BAC-45C2-BDAB-C1F33A9A2B7F}.Debug|x86.ActiveCfg = Debug|Win32
		{BE9722C6-2BAC-45C2-BDAB-C1F33A9A2B7F}.Debug|x86.Build.0 = Debug|Win32
		{BE9722C6-2BAC-45C2-BDAB-C1F33A9A2B7F}.Release|x64.ActiveCfg = Release|x64
		{BE9722C6-2BAC-45C2-BDAB-C1F33A9A2B7F}.Release|x64.Build.0 = Release|x64
		{BE9722C6-2BAC-45C2-BDAB-C1F33A9A2B7F}.Release|x86.ActiveCfg = Release|Win32
		{BE9722C6-2BAC-45C2-BDAB-C1F33A9A2B7F}.Release|x86.Build.0 = Release|Win32
		{37838E18-F679-4E06-8207-F3DEA4DA52D5}.Debug|x64.ActiveCfg = Debug|x64
		{37838E18-F679-4E06-8207-F3DEA4DA52D5}.Debug|x64.Build.0 = Debug|x64
		{37838E18-F679-4E06-8207-F3DEA4DA52D5}.Debug|x86.ActiveCfg = Debug|Win32
		{37838E18-F679-4E06-8207-F3DEA4DA52D5}.Debug|x86.Build.0 = Debug|Win32
		{37838E18-F679-4E06-8207-F3DEA4DA52D5}.Release|x64.ActiveCfg = Release|x64
		{37838E18-F679-4E06-8207-F3DEA4DA52D5}.Release|x64.Build.0 = Release|x64
		{37838E18-F679-4E06-8207-F3DEA4DA52D5}.Release|x86.ActiveCfg = Release|Win32
		{37838E18-F679-4E06-8207-F3DEA4DA52D5}.Release|x86.Build.0 = Release|Win32
		{464F87A1-6E84-4C50-A60C-36929AD1F258}.Debug|x64.ActiveCfg = Debug|x64
		{464F87A1-6E84-4C50-A60C-36929AD1F258}.Debug|x64.Build.0 = Debug|x64
		{464F87A1-6E84-4C50-A60C-36929AD1F258}.Debug|x86.ActiveCfg = Debug|Win32
		{464F87A1-6E84-4C50-A60C-36929AD1F258}.Debug|x86.Build.0 = Debug|Win32
		{464F87A1-6E84-4C50-A60C-36929AD1F258}.Release|x64.ActiveCfg = Release|x64
		{464F87A1-6E84-4C50-A60C-36929AD1F258}.Release|x64.Build.0 = Release|x64
		{464F87A1-6E84-4C50-A60C-36929AD1F258}.Release|x86.ActiveCfg = Release|Win32
		{464F87A1-6E84-4C50-A60C-36929AD1F258}.Release|x86.Build.0 = Release|Win32
		{9CDAF672-4268-4E82-BAEE-2DCED255166E}.Debug|x64.ActiveCfg = Debug|x64
		{9CDAF672-4268-4E82-BAEE-2DCED255166E}.Debug|x64.Build.0 = Debug|x64
		{9CDAF672-4268-4E82-BAEE-2DCED255166E}.Debug|x86.ActiveCfg = Debug|Win32
		{9CDAF672-4268-4E82-BAEE-2DCED255166E}.Debug|x86.Build.0 = Debug|Win32
		{9CDAF672-4268-4E82-BAEE-2DCED255166E}.Release|x64.ActiveCfg = Release|x64
		{9CDAF672-4268-4E82-BAEE-2DCED255166E}.Release|x64.Build.0 = Release|x64
		{9CDAF672-4268-4E82-BAEE-2DCED255166E}.Release|x86.ActiveCfg = Release|Win32
		{9CDAF672-4268-4E82-BAEE-2DCED255166E}.Release|x86.Build.0 = Release|Win32
		{FF4779B3-2078-4341-BC46-8455FC80CDE1}.Debug|x64.ActiveCfg = Debug|x64
		{FF4779B3-2078-4341-BC46-8455FC80CDE1}.Debug|x64.Build.0 = Debug|x64
		{FF4779B3-2078-4341-BC46-8455FC80CDE1}.Debug|x86.ActiveCfg = Debug|Win32
		{FF4779B3-2078-4341-BC46-8455FC80CDE1}.Debug|x86.Build.0 = Debug|Win32
		{FF4779B3-2078-4341-BC46-8455FC80CDE1}.Release|x64.ActiveCfg = Release|x64
		{FF4779B3-2078-4341-BC46-8455FC80CDE1}.Release|x64.Build.0 = Release|x64
		{FF4779B3-2078-4341-BC46-8455FC80CDE1}.Release|x86.ActiveCfg = Release|Win32
		{FF4779B3-2078-4341-BC46-8455FC80CDE1}.Release|x86.Build.0 = Release|Win32
	EndGlobalSection
	GlobalSection(SolutionProperties) = preSolution
		HideSolutionNode = FALSE
	EndGlobalSection
	GlobalSection(ExtensibilityGlobals) = postSolution
		SolutionGuid = {98504798-84EB-494E-90E1-F2FE90C5691F}
	EndGlobalSection
EndGlobal
