
Microsoft Visual Studio Solution File, Format Version 12.00
# Visual Studio 15
VisualStudioVersion = 15.0.28307.1433
MinimumVisualStudioVersion = 10.0.40219.1
Project("{8BC9CEB8-8B4A-11D0-8D11-00A0C91BC942}") = "Cout", "Cout\Cout.vcxproj", "{20A4141F-285B-40F8-B470-D2F854376F6D}"
EndProject
Project("{8BC9CEB8-8B4A-11D0-8D11-00A0C91BC942}") = "Cin", "Cin\Cin.vcxproj", "{D7B9B5D7-BD0D-458F-A715-627B88EA48C7}"
EndProject
Project("{8BC9CEB8-8B4A-11D0-8D11-00A0C91BC942}") = "Datatype", "Datatype\Datatype.vcxproj", "{2B38157C-29A8-4323-A2A6-F53DC1F61CB3}"
EndProject
Project("{8BC9CEB8-8B4A-11D0-8D11-00A0C91BC942}") = "Compare", "Compare\Compare.vcxproj", "{A88FA8A9-326C-4FC4-B4A1-3F8805250631}"
EndProject
Project("{8BC9CEB8-8B4A-11D0-8D11-00A0C91BC942}") = "Bit", "Bit\Bit.vcxproj", "{88D5F9EB-CCF0-4020-AD8A-29BBBCA74C72}"
EndProject
Project("{8BC9CEB8-8B4A-11D0-8D11-00A0C91BC942}") = "If", "If\If.vcxproj", "{82A10FFD-D3D4-44B8-B86B-CE910E762CEF}"
EndProject
Project("{8BC9CEB8-8B4A-11D0-8D11-00A0C91BC942}") = "For", "For\For.vcxproj", "{FA1EC834-197F-490A-87BD-199B1098931F}"
EndProject
Global
	GlobalSection(SolutionConfigurationPlatforms) = preSolution
		Debug|x64 = Debug|x64
		Debug|x86 = Debug|x86
		Release|x64 = Release|x64
		Release|x86 = Release|x86
	EndGlobalSection
	GlobalSection(ProjectConfigurationPlatforms) = postSolution
		{20A4141F-285B-40F8-B470-D2F854376F6D}.Debug|x64.ActiveCfg = Debug|x64
		{20A4141F-285B-40F8-B470-D2F854376F6D}.Debug|x64.Build.0 = Debug|x64
		{20A4141F-285B-40F8-B470-D2F854376F6D}.Debug|x86.ActiveCfg = Debug|Win32
		{20A4141F-285B-40F8-B470-D2F854376F6D}.Debug|x86.Build.0 = Debug|Win32
		{20A4141F-285B-40F8-B470-D2F854376F6D}.Release|x64.ActiveCfg = Release|x64
		{20A4141F-285B-40F8-B470-D2F854376F6D}.Release|x64.Build.0 = Release|x64
		{20A4141F-285B-40F8-B470-D2F854376F6D}.Release|x86.ActiveCfg = Release|Win32
		{20A4141F-285B-40F8-B470-D2F854376F6D}.Release|x86.Build.0 = Release|Win32
		{D7B9B5D7-BD0D-458F-A715-627B88EA48C7}.Debug|x64.ActiveCfg = Debug|x64
		{D7B9B5D7-BD0D-458F-A715-627B88EA48C7}.Debug|x64.Build.0 = Debug|x64
		{D7B9B5D7-BD0D-458F-A715-627B88EA48C7}.Debug|x86.ActiveCfg = Debug|Win32
		{D7B9B5D7-BD0D-458F-A715-627B88EA48C7}.Debug|x86.Build.0 = Debug|Win32
		{D7B9B5D7-BD0D-458F-A715-627B88EA48C7}.Release|x64.ActiveCfg = Release|x64
		{D7B9B5D7-BD0D-458F-A715-627B88EA48C7}.Release|x64.Build.0 = Release|x64
		{D7B9B5D7-BD0D-458F-A715-627B88EA48C7}.Release|x86.ActiveCfg = Release|Win32
		{D7B9B5D7-BD0D-458F-A715-627B88EA48C7}.Release|x86.Build.0 = Release|Win32
		{2B38157C-29A8-4323-A2A6-F53DC1F61CB3}.Debug|x64.ActiveCfg = Debug|x64
		{2B38157C-29A8-4323-A2A6-F53DC1F61CB3}.Debug|x64.Build.0 = Debug|x64
		{2B38157C-29A8-4323-A2A6-F53DC1F61CB3}.Debug|x86.ActiveCfg = Debug|Win32
		{2B38157C-29A8-4323-A2A6-F53DC1F61CB3}.Debug|x86.Build.0 = Debug|Win32
		{2B38157C-29A8-4323-A2A6-F53DC1F61CB3}.Release|x64.ActiveCfg = Release|x64
		{2B38157C-29A8-4323-A2A6-F53DC1F61CB3}.Release|x64.Build.0 = Release|x64
		{2B38157C-29A8-4323-A2A6-F53DC1F61CB3}.Release|x86.ActiveCfg = Release|Win32
		{2B38157C-29A8-4323-A2A6-F53DC1F61CB3}.Release|x86.Build.0 = Release|Win32
		{A88FA8A9-326C-4FC4-B4A1-3F8805250631}.Debug|x64.ActiveCfg = Debug|x64
		{A88FA8A9-326C-4FC4-B4A1-3F8805250631}.Debug|x64.Build.0 = Debug|x64
		{A88FA8A9-326C-4FC4-B4A1-3F8805250631}.Debug|x86.ActiveCfg = Debug|Win32
		{A88FA8A9-326C-4FC4-B4A1-3F8805250631}.Debug|x86.Build.0 = Debug|Win32
		{A88FA8A9-326C-4FC4-B4A1-3F8805250631}.Release|x64.ActiveCfg = Release|x64
		{A88FA8A9-326C-4FC4-B4A1-3F8805250631}.Release|x64.Build.0 = Release|x64
		{A88FA8A9-326C-4FC4-B4A1-3F8805250631}.Release|x86.ActiveCfg = Release|Win32
		{A88FA8A9-326C-4FC4-B4A1-3F8805250631}.Release|x86.Build.0 = Release|Win32
		{88D5F9EB-CCF0-4020-AD8A-29BBBCA74C72}.Debug|x64.ActiveCfg = Debug|x64
		{88D5F9EB-CCF0-4020-AD8A-29BBBCA74C72}.Debug|x64.Build.0 = Debug|x64
		{88D5F9EB-CCF0-4020-AD8A-29BBBCA74C72}.Debug|x86.ActiveCfg = Debug|Win32
		{88D5F9EB-CCF0-4020-AD8A-29BBBCA74C72}.Debug|x86.Build.0 = Debug|Win32
		{88D5F9EB-CCF0-4020-AD8A-29BBBCA74C72}.Release|x64.ActiveCfg = Release|x64
		{88D5F9EB-CCF0-4020-AD8A-29BBBCA74C72}.Release|x64.Build.0 = Release|x64
		{88D5F9EB-CCF0-4020-AD8A-29BBBCA74C72}.Release|x86.ActiveCfg = Release|Win32
		{88D5F9EB-CCF0-4020-AD8A-29BBBCA74C72}.Release|x86.Build.0 = Release|Win32
		{82A10FFD-D3D4-44B8-B86B-CE910E762CEF}.Debug|x64.ActiveCfg = Debug|x64
		{82A10FFD-D3D4-44B8-B86B-CE910E762CEF}.Debug|x64.Build.0 = Debug|x64
		{82A10FFD-D3D4-44B8-B86B-CE910E762CEF}.Debug|x86.ActiveCfg = Debug|Win32
		{82A10FFD-D3D4-44B8-B86B-CE910E762CEF}.Debug|x86.Build.0 = Debug|Win32
		{82A10FFD-D3D4-44B8-B86B-CE910E762CEF}.Release|x64.ActiveCfg = Release|x64
		{82A10FFD-D3D4-44B8-B86B-CE910E762CEF}.Release|x64.Build.0 = Release|x64
		{82A10FFD-D3D4-44B8-B86B-CE910E762CEF}.Release|x86.ActiveCfg = Release|Win32
		{82A10FFD-D3D4-44B8-B86B-CE910E762CEF}.Release|x86.Build.0 = Release|Win32
		{FA1EC834-197F-490A-87BD-199B1098931F}.Debug|x64.ActiveCfg = Debug|x64
		{FA1EC834-197F-490A-87BD-199B1098931F}.Debug|x64.Build.0 = Debug|x64
		{FA1EC834-197F-490A-87BD-199B1098931F}.Debug|x86.ActiveCfg = Debug|Win32
		{FA1EC834-197F-490A-87BD-199B1098931F}.Debug|x86.Build.0 = Debug|Win32
		{FA1EC834-197F-490A-87BD-199B1098931F}.Release|x64.ActiveCfg = Release|x64
		{FA1EC834-197F-490A-87BD-199B1098931F}.Release|x64.Build.0 = Release|x64
		{FA1EC834-197F-490A-87BD-199B1098931F}.Release|x86.ActiveCfg = Release|Win32
		{FA1EC834-197F-490A-87BD-199B1098931F}.Release|x86.Build.0 = Release|Win32
	EndGlobalSection
	GlobalSection(SolutionProperties) = preSolution
		HideSolutionNode = FALSE
	EndGlobalSection
	GlobalSection(ExtensibilityGlobals) = postSolution
		SolutionGuid = {2C9A6836-FC9C-4AE2-B44A-5E0BE11CD5AA}
	EndGlobalSection
EndGlobal
